PODS:
  - SDWebImage (5.21.7):
    - SDWebImage/Core (= 5.21.7)
  - SDWebImage/Core (5.21.7)
  - SnapKit (5.7.1)

DEPENDENCIES:
  - SDWebImage (~> 5.19)
  - SnapKit (~> 5.7)

SPEC REPOS:
  trunk:
    - SDWebImage
    - SnapKit

SPEC CHECKSUMS:
  SDWebImage: e9fc87c1aab89a8ab1bbd74eba378c6f53be8abf
  SnapKit: d612e99e678a2d3b95bf60b0705ed0a35c03484a

PODFILE CHECKSUM: d5e38ad98eede4b430f5c4394dc6620b6cde7b89

COCOAPODS: 1.15.2
